
Microsoft Visual Studio Solution File, Format Version 12.00
# Visual Studio 15
VisualStudioVersion = 15.0.27004.2005
MinimumVisualStudioVersion = 10.0.40219.1
Project("{FAE04EC0-301F-11D3-BF4B-00C04F79EFBC}") = "BCIT_WPF_COMP3608_Week1Lab2", "BCIT_WPF_COMP3608_Week1Lab2\BCIT_WPF_COMP3608_Week1Lab2.csproj", "{0DA2E4CE-36A2-482C-91D6-C1DA506A9079}"
EndProject
Global
	GlobalSection(SolutionConfigurationPlatforms) = preSolution
		Debug|Any CPU = Debug|Any CPU
		Release|Any CPU = Release|Any CPU
	EndGlobalSection
	GlobalSection(ProjectConfigurationPlatforms) = postSolution
		{0DA2E4CE-36A2-482C-91D6-C1DA506A9079}.Debug|Any CPU.ActiveCfg = Debug|Any CPU
		{0DA2E4CE-36A2-482C-91D6-C1DA506A9079}.Debug|Any CPU.Build.0 = Debug|Any CPU
		{0DA2E4CE-36A2-482C-91D6-C1DA506A9079}.Release|Any CPU.ActiveCfg = Release|Any CPU
		{0DA2E4CE-36A2-482C-91D6-C1DA506A9079}.Release|Any CPU.Build.0 = Release|Any CPU
	EndGlobalSection
	GlobalSection(SolutionProperties) = preSolution
		HideSolutionNode = FALSE
	EndGlobalSection
	GlobalSection(ExtensibilityGlobals) = postSolution
		SolutionGuid = {11AF483F-29C0-45FF-B50C-01465FF9DC88}
	EndGlobalSection
EndGlobal
